// !$*UTF8*$!
{
	archiveVersion = 1;
	classes = {
	};
	objectVersion = 55;
	objects = {

/* Begin PBXBuildFile section */
		CF798F19280F220C0083DD8B /* Edit_checklist.swift in Sources */ = {isa = PBXBuildFile; fileRef = CF798F18280F220C0083DD8B /* Edit_checklist.swift */; };
		CF798F1A280F220C0083DD8B /* Edit_checklist.swift in Sources */ = {isa = PBXBuildFile; fileRef = CF798F18280F220C0083DD8B /* Edit_checklist.swift */; };
		CF798F1C281183390083DD8B /* SwiftUIView.swift in Sources */ = {isa = PBXBuildFile; fileRef = CF798F1B281183390083DD8B /* SwiftUIView.swift */; };
		CF798F1D281183390083DD8B /* SwiftUIView.swift in Sources */ = {isa = PBXBuildFile; fileRef = CF798F1B281183390083DD8B /* SwiftUIView.swift */; };
		CFEA2C7D2806ACDE00F3D89F /* Tests_iOS.swift in Sources */ = {isa = PBXBuildFile; fileRef = CFEA2C7C2806ACDE00F3D89F /* Tests_iOS.swift */; };
		CFEA2C7F2806ACDE00F3D89F /* Tests_iOSLaunchTests.swift in Sources */ = {isa = PBXBuildFile; fileRef = CFEA2C7E2806ACDE00F3D89F /* Tests_iOSLaunchTests.swift */; };
		CFEA2C892806ACDF00F3D89F /* Tests_macOS.swift in Sources */ = {isa = PBXBuildFile; fileRef = CFEA2C882806ACDF00F3D89F /* Tests_macOS.swift */; };
		CFEA2C8B2806ACDF00F3D89F /* Tests_macOSLaunchTests.swift in Sources */ = {isa = PBXBuildFile; fileRef = CFEA2C8A2806ACDF00F3D89F /* Tests_macOSLaunchTests.swift */; };
		CFEA2C8C2806ACDF00F3D89F /* ChecklistApp.swift in Sources */ = {isa = PBXBuildFile; fileRef = CFEA2C642806ACDC00F3D89F /* ChecklistApp.swift */; };
		CFEA2C8D2806ACDF00F3D89F /* ChecklistApp.swift in Sources */ = {isa = PBXBuildFile; fileRef = CFEA2C642806ACDC00F3D89F /* ChecklistApp.swift */; };
		CFEA2C8E2806ACDF00F3D89F /* Master.swift in Sources */ = {isa = PBXBuildFile; fileRef = CFEA2C652806ACDC00F3D89F /* Master.swift */; };
		CFEA2C8F2806ACDF00F3D89F /* Master.swift in Sources */ = {isa = PBXBuildFile; fileRef = CFEA2C652806ACDC00F3D89F /* Master.swift */; };
		CFEA2C902806ACDF00F3D89F /* Assets.xcassets in Resources */ = {isa = PBXBuildFile; fileRef = CFEA2C662806ACDE00F3D89F /* Assets.xcassets */; };
		CFEA2C912806ACDF00F3D89F /* Assets.xcassets in Resources */ = {isa = PBXBuildFile; fileRef = CFEA2C662806ACDE00F3D89F /* Assets.xcassets */; };
		CFEA2CA1280B1F8E00F3D89F /* Detail.swift in Sources */ = {isa = PBXBuildFile; fileRef = CFEA2CA0280B1F8E00F3D89F /* Detail.swift */; };
		CFEA2CA2280B1F8E00F3D89F /* Detail.swift in Sources */ = {isa = PBXBuildFile; fileRef = CFEA2CA0280B1F8E00F3D89F /* Detail.swift */; };
		CFEA2CA4280B282D00F3D89F /* data.swift in Sources */ = {isa = PBXBuildFile; fileRef = CFEA2CA3280B282D00F3D89F /* data.swift */; };
		CFEA2CA5280B282D00F3D89F /* data.swift in Sources */ = {isa = PBXBuildFile; fileRef = CFEA2CA3280B282D00F3D89F /* data.swift */; };
		CFEA2CA9280B2E9400F3D89F /* checklist_data.json in Resources */ = {isa = PBXBuildFile; fileRef = CFEA2CA8280B2E9400F3D89F /* checklist_data.json */; };
		CFEA2CAA280B2E9400F3D89F /* checklist_data.json in Resources */ = {isa = PBXBuildFile; fileRef = CFEA2CA8280B2E9400F3D89F /* checklist_data.json */; };
/* End PBXBuildFile section */

/* Begin PBXContainerItemProxy section */
		CFEA2C792806ACDE00F3D89F /* PBXContainerItemProxy */ = {
			isa = PBXContainerItemProxy;
			containerPortal = CFEA2C5F2806ACDC00F3D89F /* Project object */;
			proxyType = 1;
			remoteGlobalIDString = CFEA2C6A2806ACDE00F3D89F;
			remoteInfo = "Checklist (iOS)";
		};
		CFEA2C852806ACDE00F3D89F /* PBXContainerItemProxy */ = {
			isa = PBXContainerItemProxy;
			containerPortal = CFEA2C5F2806ACDC00F3D89F /* Project object */;
			proxyType = 1;
			remoteGlobalIDString = CFEA2C702806ACDE00F3D89F;
			remoteInfo = "Checklist (macOS)";
		};
/* End PBXContainerItemProxy section */

/* Begin PBXFileReference section */
		CF798F18280F220C0083DD8B /* Edit_checklist.swift */ = {isa = PBXFileReference; lastKnownFileType = sourcecode.swift; path = Edit_checklist.swift; sourceTree = "<group>"; };
		CF798F1B281183390083DD8B /* SwiftUIView.swift */ = {isa = PBXFileReference; lastKnownFileType = sourcecode.swift; path = SwiftUIView.swift; sourceTree = "<group>"; };
		CFEA2C642806ACDC00F3D89F /* ChecklistApp.swift */ = {isa = PBXFileReference; lastKnownFileType = sourcecode.swift; path = ChecklistApp.swift; sourceTree = "<group>"; };
		CFEA2C652806ACDC00F3D89F /* Master.swift */ = {isa = PBXFileReference; lastKnownFileType = sourcecode.swift; path = Master.swift; sourceTree = "<group>"; };
		CFEA2C662806ACDE00F3D89F /* Assets.xcassets */ = {isa = PBXFileReference; lastKnownFileType = folder.assetcatalog; path = Assets.xcassets; sourceTree = "<group>"; };
		CFEA2C6B2806ACDE00F3D89F /* Checklist.app */ = {isa = PBXFileReference; explicitFileType = wrapper.application; includeInIndex = 0; path = Checklist.app; sourceTree = BUILT_PRODUCTS_DIR; };
		CFEA2C712806ACDE00F3D89F /* Checklist.app */ = {isa = PBXFileReference; explicitFileType = wrapper.application; includeInIndex = 0; path = Checklist.app; sourceTree = BUILT_PRODUCTS_DIR; };
		CFEA2C732806ACDE00F3D89F /* macOS.entitlements */ = {isa = PBXFileReference; lastKnownFileType = text.plist.entitlements; path = macOS.entitlements; sourceTree = "<group>"; };
		CFEA2C782806ACDE00F3D89F /* Tests iOS.xctest */ = {isa = PBXFileReference; explicitFileType = wrapper.cfbundle; includeInIndex = 0; path = "Tests iOS.xctest"; sourceTree = BUILT_PRODUCTS_DIR; };
		CFEA2C7C2806ACDE00F3D89F /* Tests_iOS.swift */ = {isa = PBXFileReference; lastKnownFileType = sourcecode.swift; path = Tests_iOS.swift; sourceTree = "<group>"; };
		CFEA2C7E2806ACDE00F3D89F /* Tests_iOSLaunchTests.swift */ = {isa = PBXFileReference; lastKnownFileType = sourcecode.swift; path = Tests_iOSLaunchTests.swift; sourceTree = "<group>"; };
		CFEA2C842806ACDE00F3D89F /* Tests macOS.xctest */ = {isa = PBXFileReference; explicitFileType = wrapper.cfbundle; includeInIndex = 0; path = "Tests macOS.xctest"; sourceTree = BUILT_PRODUCTS_DIR; };
		CFEA2C882806ACDF00F3D89F /* Tests_macOS.swift */ = {isa = PBXFileReference; lastKnownFileType = sourcecode.swift; path = Tests_macOS.swift; sourceTree = "<group>"; };
		CFEA2C8A2806ACDF00F3D89F /* Tests_macOSLaunchTests.swift */ = {isa = PBXFileReference; lastKnownFileType = sourcecode.swift; path = Tests_macOSLaunchTests.swift; sourceTree = "<group>"; };
		CFEA2CA0280B1F8E00F3D89F /* Detail.swift */ = {isa = PBXFileReference; lastKnownFileType = sourcecode.swift; path = Detail.swift; sourceTree = "<group>"; };
		CFEA2CA3280B282D00F3D89F /* data.swift */ = {isa = PBXFileReference; lastKnownFileType = sourcecode.swift; path = data.swift; sourceTree = "<group>"; };
		CFEA2CA8280B2E9400F3D89F /* checklist_data.json */ = {isa = PBXFileReference; lastKnownFileType = text.json; path = checklist_data.json; sourceTree = "<group>"; xcLanguageSpecificationIdentifier = xcode.lang.json; };
/* End PBXFileReference section */

/* Begin PBXFrameworksBuildPhase section */
		CFEA2C682806ACDE00F3D89F /* Frameworks */ = {
			isa = PBXFrameworksBuildPhase;
			buildActionMask = 2147483647;
			files = (
			);
			runOnlyForDeploymentPostprocessing = 0;
		};
		CFEA2C6E2806ACDE00F3D89F /* Frameworks */ = {
			isa = PBXFrameworksBuildPhase;
			buildActionMask = 2147483647;
			files = (
			);
			runOnlyForDeploymentPostprocessing = 0;
		};
		CFEA2C752806ACDE00F3D89F /* Frameworks */ = {
			isa = PBXFrameworksBuildPhase;
			buildActionMask = 2147483647;
			files = (
			);
			runOnlyForDeploymentPostprocessing = 0;
		};
		CFEA2C812806ACDE00F3D89F /* Frameworks */ = {
			isa = PBXFrameworksBuildPhase;
			buildActionMask = 2147483647;
			files = (
			);
			runOnlyForDeploymentPostprocessing = 0;
		};
/* End PBXFrameworksBuildPhase section */

/* Begin PBXGroup section */
		CFEA2C5E2806ACDC00F3D89F = {
			isa = PBXGroup;
			children = (
				CFEA2C632806ACDC00F3D89F /* Shared */,
				CFEA2C722806ACDE00F3D89F /* macOS */,
				CFEA2C7B2806ACDE00F3D89F /* Tests iOS */,
				CFEA2C872806ACDF00F3D89F /* Tests macOS */,
				CFEA2C6C2806ACDE00F3D89F /* Products */,
			);
			sourceTree = "<group>";
		};
		CFEA2C632806ACDC00F3D89F /* Shared */ = {
			isa = PBXGroup;
			children = (
				CFEA2C642806ACDC00F3D89F /* ChecklistApp.swift */,
				CFEA2C652806ACDC00F3D89F /* Master.swift */,
				CFEA2C662806ACDE00F3D89F /* Assets.xcassets */,
				CFEA2CA0280B1F8E00F3D89F /* Detail.swift */,
				CFEA2CA3280B282D00F3D89F /* data.swift */,
				CFEA2CA8280B2E9400F3D89F /* checklist_data.json */,
				CF798F18280F220C0083DD8B /* Edit_checklist.swift */,
				CF798F1B281183390083DD8B /* SwiftUIView.swift */,
			);
			path = Shared;
			sourceTree = "<group>";
		};
		CFEA2C6C2806ACDE00F3D89F /* Products */ = {
			isa = PBXGroup;
			children = (
				CFEA2C6B2806ACDE00F3D89F /* Checklist.app */,
				CFEA2C712806ACDE00F3D89F /* Checklist.app */,
				CFEA2C782806ACDE00F3D89F /* Tests iOS.xctest */,
				CFEA2C842806ACDE00F3D89F /* Tests macOS.xctest */,
			);
			name = Products;
			sourceTree = "<group>";
		};
		CFEA2C722806ACDE00F3D89F /* macOS */ = {
			isa = PBXGroup;
			children = (
				CFEA2C732806ACDE00F3D89F /* macOS.entitlements */,
			);
			path = macOS;
			sourceTree = "<group>";
		};
		CFEA2C7B2806ACDE00F3D89F /* Tests iOS */ = {
			isa = PBXGroup;
			children = (
				CFEA2C7C2806ACDE00F3D89F /* Tests_iOS.swift */,
				CFEA2C7E2806ACDE00F3D89F /* Tests_iOSLaunchTests.swift */,
			);
			path = "Tests iOS";
			sourceTree = "<group>";
		};
		CFEA2C872806ACDF00F3D89F /* Tests macOS */ = {
			isa = PBXGroup;
			children = (
				CFEA2C882806ACDF00F3D89F /* Tests_macOS.swift */,
				CFEA2C8A2806ACDF00F3D89F /* Tests_macOSLaunchTests.swift */,
			);
			path = "Tests macOS";
			sourceTree = "<group>";
		};
/* End PBXGroup section */

/* Begin PBXNativeTarget section */
		CFEA2C6A2806ACDE00F3D89F /* Checklist (iOS) */ = {
			isa = PBXNativeTarget;
			buildConfigurationList = CFEA2C942806ACDF00F3D89F /* Build configuration list for PBXNativeTarget "Checklist (iOS)" */;
			buildPhases = (
				CFEA2C672806ACDE00F3D89F /* Sources */,
				CFEA2C682806ACDE00F3D89F /* Frameworks */,
				CFEA2C692806ACDE00F3D89F /* Resources */,
			);
			buildRules = (
			);
			dependencies = (
			);
			name = "Checklist (iOS)";
			productName = "Checklist (iOS)";
			productReference = CFEA2C6B2806ACDE00F3D89F /* Checklist.app */;
			productType = "com.apple.product-type.application";
		};
		CFEA2C702806ACDE00F3D89F /* Checklist (macOS) */ = {
			isa = PBXNativeTarget;
			buildConfigurationList = CFEA2C972806ACDF00F3D89F /* Build configuration list for PBXNativeTarget "Checklist (macOS)" */;
			buildPhases = (
				CFEA2C6D2806ACDE00F3D89F /* Sources */,
				CFEA2C6E2806ACDE00F3D89F /* Frameworks */,
				CFEA2C6F2806ACDE00F3D89F /* Resources */,
			);
			buildRules = (
			);
			dependencies = (
			);
			name = "Checklist (macOS)";
			productName = "Checklist (macOS)";
			productReference = CFEA2C712806ACDE00F3D89F /* Checklist.app */;
			productType = "com.apple.product-type.application";
		};
		CFEA2C772806ACDE00F3D89F /* Tests iOS */ = {
			isa = PBXNativeTarget;
			buildConfigurationList = CFEA2C9A2806ACDF00F3D89F /* Build configuration list for PBXNativeTarget "Tests iOS" */;
			buildPhases = (
				CFEA2C742806ACDE00F3D89F /* Sources */,
				CFEA2C752806ACDE00F3D89F /* Frameworks */,
				CFEA2C762806ACDE00F3D89F /* Resources */,
			);
			buildRules = (
			);
			dependencies = (
				CFEA2C7A2806ACDE00F3D89F /* PBXTargetDependency */,
			);
			name = "Tests iOS";
			productName = "Tests iOS";
			productReference = CFEA2C782806ACDE00F3D89F /* Tests iOS.xctest */;
			productType = "com.apple.product-type.bundle.ui-testing";
		};
		CFEA2C832806ACDE00F3D89F /* Tests macOS */ = {
			isa = PBXNativeTarget;
			buildConfigurationList = CFEA2C9D2806ACDF00F3D89F /* Build configuration list for PBXNativeTarget "Tests macOS" */;
			buildPhases = (
				CFEA2C802806ACDE00F3D89F /* Sources */,
				CFEA2C812806ACDE00F3D89F /* Frameworks */,
				CFEA2C822806ACDE00F3D89F /* Resources */,
			);
			buildRules = (
			);
			dependencies = (
				CFEA2C862806ACDE00F3D89F /* PBXTargetDependency */,
			);
			name = "Tests macOS";
			productName = "Tests macOS";
			productReference = CFEA2C842806ACDE00F3D89F /* Tests macOS.xctest */;
			productType = "com.apple.product-type.bundle.ui-testing";
		};
/* End PBXNativeTarget section */

/* Begin PBXProject section */
		CFEA2C5F2806ACDC00F3D89F /* Project object */ = {
			isa = PBXProject;
			attributes = {
				BuildIndependentTargetsInParallel = 1;
				LastSwiftUpdateCheck = 1330;
				LastUpgradeCheck = 1330;
				TargetAttributes = {
					CFEA2C6A2806ACDE00F3D89F = {
						CreatedOnToolsVersion = 13.3;
					};
					CFEA2C702806ACDE00F3D89F = {
						CreatedOnToolsVersion = 13.3;
					};
					CFEA2C772806ACDE00F3D89F = {
						CreatedOnToolsVersion = 13.3;
						TestTargetID = CFEA2C6A2806ACDE00F3D89F;
					};
					CFEA2C832806ACDE00F3D89F = {
						CreatedOnToolsVersion = 13.3;
						TestTargetID = CFEA2C702806ACDE00F3D89F;
					};
				};
			};
			buildConfigurationList = CFEA2C622806ACDC00F3D89F /* Build configuration list for PBXProject "Checklist" */;
			compatibilityVersion = "Xcode 13.0";
			developmentRegion = en;
			hasScannedForEncodings = 0;
			knownRegions = (
				en,
				Base,
			);
			mainGroup = CFEA2C5E2806ACDC00F3D89F;
			productRefGroup = CFEA2C6C2806ACDE00F3D89F /* Products */;
			projectDirPath = "";
			projectRoot = "";
			targets = (
				CFEA2C6A2806ACDE00F3D89F /* Checklist (iOS) */,
				CFEA2C702806ACDE00F3D89F /* Checklist (macOS) */,
				CFEA2C772806ACDE00F3D89F /* Tests iOS */,
				CFEA2C832806ACDE00F3D89F /* Tests macOS */,
			);
		};
/* End PBXProject section */

/* Begin PBXResourcesBuildPhase section */
		CFEA2C692806ACDE00F3D89F /* Resources */ = {
			isa = PBXResourcesBuildPhase;
			buildActionMask = 2147483647;
			files = (
				CFEA2CA9280B2E9400F3D89F /* checklist_data.json in Resources */,
				CFEA2C902806ACDF00F3D89F /* Assets.xcassets in Resources */,
			);
			runOnlyForDeploymentPostprocessing = 0;
		};
		CFEA2C6F2806ACDE00F3D89F /* Resources */ = {
			isa = PBXResourcesBuildPhase;
			buildActionMask = 2147483647;
			files = (
				CFEA2CAA280B2E9400F3D89F /* checklist_data.json in Resources */,
				CFEA2C912806ACDF00F3D89F /* Assets.xcassets in Resources */,
			);
			runOnlyForDeploymentPostprocessing = 0;
		};
		CFEA2C762806ACDE00F3D89F /* Resources */ = {
			isa = PBXResourcesBuildPhase;
			buildActionMask = 2147483647;
			files = (
			);
			runOnlyForDeploymentPostprocessing = 0;
		};
		CFEA2C822806ACDE00F3D89F /* Resources */ = {
			isa = PBXResourcesBuildPhase;
			buildActionMask = 2147483647;
			files = (
			);
			runOnlyForDeploymentPostprocessing = 0;
		};
/* End PBXResourcesBuildPhase section */

/* Begin PBXSourcesBuildPhase section */
		CFEA2C672806ACDE00F3D89F /* Sources */ = {
			isa = PBXSourcesBuildPhase;
			buildActionMask = 2147483647;
			files = (
				CFEA2CA1280B1F8E00F3D89F /* Detail.swift in Sources */,
				CF798F19280F220C0083DD8B /* Edit_checklist.swift in Sources */,
				CF798F1C281183390083DD8B /* SwiftUIView.swift in Sources */,
				CFEA2C8E2806ACDF00F3D89F /* Master.swift in Sources */,
				CFEA2C8C2806ACDF00F3D89F /* ChecklistApp.swift in Sources */,
				CFEA2CA4280B282D00F3D89F /* data.swift in Sources */,
			);
			runOnlyForDeploymentPostprocessing = 0;
		};
		CFEA2C6D2806ACDE00F3D89F /* Sources */ = {
			isa = PBXSourcesBuildPhase;
			buildActionMask = 2147483647;
			files = (
				CFEA2CA2280B1F8E00F3D89F /* Detail.swift in Sources */,
				CF798F1A280F220C0083DD8B /* Edit_checklist.swift in Sources */,
				CF798F1D281183390083DD8B /* SwiftUIView.swift in Sources */,
				CFEA2C8F2806ACDF00F3D89F /* Master.swift in Sources */,
				CFEA2C8D2806ACDF00F3D89F /* ChecklistApp.swift in Sources */,
				CFEA2CA5280B282D00F3D89F /* data.swift in Sources */,
			);
			runOnlyForDeploymentPostprocessing = 0;
		};
		CFEA2C742806ACDE00F3D89F /* Sources */ = {
			isa = PBXSourcesBuildPhase;
			buildActionMask = 2147483647;
			files = (
				CFEA2C7F2806ACDE00F3D89F /* Tests_iOSLaunchTests.swift in Sources */,
				CFEA2C7D2806ACDE00F3D89F /* Tests_iOS.swift in Sources */,
			);
			runOnlyForDeploymentPostprocessing = 0;
		};
		CFEA2C802806ACDE00F3D89F /* Sources */ = {
			isa = PBXSourcesBuildPhase;
			buildActionMask = 2147483647;
			files = (
				CFEA2C8B2806ACDF00F3D89F /* Tests_macOSLaunchTests.swift in Sources */,
				CFEA2C892806ACDF00F3D89F /* Tests_macOS.swift in Sources */,
			);
			runOnlyForDeploymentPostprocessing = 0;
		};
/* End PBXSourcesBuildPhase section */

/* Begin PBXTargetDependency section */
		CFEA2C7A2806ACDE00F3D89F /* PBXTargetDependency */ = {
			isa = PBXTargetDependency;
			target = CFEA2C6A2806ACDE00F3D89F /* Checklist (iOS) */;
			targetProxy = CFEA2C792806ACDE00F3D89F /* PBXContainerItemProxy */;
		};
		CFEA2C862806ACDE00F3D89F /* PBXTargetDependency */ = {
			isa = PBXTargetDependency;
			target = CFEA2C702806ACDE00F3D89F /* Checklist (macOS) */;
			targetProxy = CFEA2C852806ACDE00F3D89F /* PBXContainerItemProxy */;
		};
/* End PBXTargetDependency section */

/* Begin XCBuildConfiguration section */
		CFEA2C922806ACDF00F3D89F /* Debug */ = {
			isa = XCBuildConfiguration;
			buildSettings = {
				ALWAYS_SEARCH_USER_PATHS = NO;
				CLANG_ANALYZER_NONNULL = YES;
				CLANG_ANALYZER_NUMBER_OBJECT_CONVERSION = YES_AGGRESSIVE;
				CLANG_CXX_LANGUAGE_STANDARD = "gnu++17";
				CLANG_ENABLE_MODULES = YES;
				CLANG_ENABLE_OBJC_ARC = YES;
				CLANG_ENABLE_OBJC_WEAK = YES;
				CLANG_WARN_BLOCK_CAPTURE_AUTORELEASING = YES;
				CLANG_WARN_BOOL_CONVERSION = YES;
				CLANG_WARN_COMMA = YES;
				CLANG_WARN_CONSTANT_CONVERSION = YES;
				CLANG_WARN_DEPRECATED_OBJC_IMPLEMENTATIONS = YES;
				CLANG_WARN_DIRECT_OBJC_ISA_USAGE = YES_ERROR;
				CLANG_WARN_DOCUMENTATION_COMMENTS = YES;
				CLANG_WARN_EMPTY_BODY = YES;
				CLANG_WARN_ENUM_CONVERSION = YES;
				CLANG_WARN_INFINITE_RECURSION = YES;
				CLANG_WARN_INT_CONVERSION = YES;
				CLANG_WARN_NON_LITERAL_NULL_CONVERSION = YES;
				CLANG_WARN_OBJC_IMPLICIT_RETAIN_SELF = YES;
				CLANG_WARN_OBJC_LITERAL_CONVERSION = YES;
				CLANG_WARN_OBJC_ROOT_CLASS = YES_ERROR;
				CLANG_WARN_QUOTED_INCLUDE_IN_FRAMEWORK_HEADER = YES;
				CLANG_WARN_RANGE_LOOP_ANALYSIS = YES;
				CLANG_WARN_STRICT_PROTOTYPES = YES;
				CLANG_WARN_SUSPICIOUS_MOVE = YES;
				CLANG_WARN_UNGUARDED_AVAILABILITY = YES_AGGRESSIVE;
				CLANG_WARN_UNREACHABLE_CODE = YES;
				CLANG_WARN__DUPLICATE_METHOD_MATCH = YES;
				COPY_PHASE_STRIP = NO;
				DEBUG_INFORMATION_FORMAT = dwarf;
				ENABLE_STRICT_OBJC_MSGSEND = YES;
				ENABLE_TESTABILITY = YES;
				GCC_C_LANGUAGE_STANDARD = gnu11;
				GCC_DYNAMIC_NO_PIC = NO;
				GCC_NO_COMMON_BLOCKS = YES;
				GCC_OPTIMIZATION_LEVEL = 0;
				GCC_PREPROCESSOR_DEFINITIONS = (
					"DEBUG=1",
					"$(inherited)",
				);
				GCC_WARN_64_TO_32_BIT_CONVERSION = YES;
				GCC_WARN_ABOUT_RETURN_TYPE = YES_ERROR;
				GCC_WARN_UNDECLARED_SELECTOR = YES;
				GCC_WARN_UNINITIALIZED_AUTOS = YES_AGGRESSIVE;
				GCC_WARN_UNUSED_FUNCTION = YES;
				GCC_WARN_UNUSED_VARIABLE = YES;
				MTL_ENABLE_DEBUG_INFO = INCLUDE_SOURCE;
				MTL_FAST_MATH = YES;
				ONLY_ACTIVE_ARCH = YES;
				SWIFT_ACTIVE_COMPILATION_CONDITIONS = DEBUG;
				SWIFT_OPTIMIZATION_LEVEL = "-Onone";
			};
			name = Debug;
		};
		CFEA2C932806ACDF00F3D89F /* Release */ = {
			isa = XCBuildConfiguration;
			buildSettings = {
				ALWAYS_SEARCH_USER_PATHS = NO;
				CLANG_ANALYZER_NONNULL = YES;
				CLANG_ANALYZER_NUMBER_OBJECT_CONVERSION = YES_AGGRESSIVE;
				CLANG_CXX_LANGUAGE_STANDARD = "gnu++17";
				CLANG_ENABLE_MODULES = YES;
				CLANG_ENABLE_OBJC_ARC = YES;
				CLANG_ENABLE_OBJC_WEAK = YES;
				CLANG_WARN_BLOCK_CAPTURE_AUTORELEASING = YES;
				CLANG_WARN_BOOL_CONVERSION = YES;
				CLANG_WARN_COMMA = YES;
				CLANG_WARN_CONSTANT_CONVERSION = YES;
				CLANG_WARN_DEPRECATED_OBJC_IMPLEMENTATIONS = YES;
				CLANG_WARN_DIRECT_OBJC_ISA_USAGE = YES_ERROR;
				CLANG_WARN_DOCUMENTATION_COMMENTS = YES;
				CLANG_WARN_EMPTY_BODY = YES;
				CLANG_WARN_ENUM_CONVERSION = YES;
				CLANG_WARN_INFINITE_RECURSION = YES;
				CLANG_WARN_INT_CONVERSION = YES;
				CLANG_WARN_NON_LITERAL_NULL_CONVERSION = YES;
				CLANG_WARN_OBJC_IMPLICIT_RETAIN_SELF = YES;
				CLANG_WARN_OBJC_LITERAL_CONVERSION = YES;
				CLANG_WARN_OBJC_ROOT_CLASS = YES_ERROR;
				CLANG_WARN_QUOTED_INCLUDE_IN_FRAMEWORK_HEADER = YES;
				CLANG_WARN_RANGE_LOOP_ANALYSIS = YES;
				CLANG_WARN_STRICT_PROTOTYPES = YES;
				CLANG_WARN_SUSPICIOUS_MOVE = YES;
				CLANG_WARN_UNGUARDED_AVAILABILITY = YES_AGGRESSIVE;
				CLANG_WARN_UNREACHABLE_CODE = YES;
				CLANG_WARN__DUPLICATE_METHOD_MATCH = YES;
				COPY_PHASE_STRIP = NO;
				DEBUG_INFORMATION_FORMAT = "dwarf-with-dsym";
				ENABLE_NS_ASSERTIONS = NO;
				ENABLE_STRICT_OBJC_MSGSEND = YES;
				GCC_C_LANGUAGE_STANDARD = gnu11;
				GCC_NO_COMMON_BLOCKS = YES;
				GCC_WARN_64_TO_32_BIT_CONVERSION = YES;
				GCC_WARN_ABOUT_RETURN_TYPE = YES_ERROR;
				GCC_WARN_UNDECLARED_SELECTOR = YES;
				GCC_WARN_UNINITIALIZED_AUTOS = YES_AGGRESSIVE;
				GCC_WARN_UNUSED_FUNCTION = YES;
				GCC_WARN_UNUSED_VARIABLE = YES;
				MTL_ENABLE_DEBUG_INFO = NO;
				MTL_FAST_MATH = YES;
				SWIFT_COMPILATION_MODE = wholemodule;
				SWIFT_OPTIMIZATION_LEVEL = "-O";
			};
			name = Release;
		};
		CFEA2C952806ACDF00F3D89F /* Debug */ = {
			isa = XCBuildConfiguration;
			buildSettings = {
				ASSETCATALOG_COMPILER_APPICON_NAME = AppIcon;
				ASSETCATALOG_COMPILER_GLOBAL_ACCENT_COLOR_NAME = AccentColor;
				CODE_SIGN_STYLE = Automatic;
				CURRENT_PROJECT_VERSION = 1;
				ENABLE_PREVIEWS = YES;
				GENERATE_INFOPLIST_FILE = YES;
				INFOPLIST_KEY_UIApplicationSceneManifest_Generation = YES;
				INFOPLIST_KEY_UIApplicationSupportsIndirectInputEvents = YES;
				INFOPLIST_KEY_UILaunchScreen_Generation = YES;
				INFOPLIST_KEY_UISupportedInterfaceOrientations_iPad = "UIInterfaceOrientationPortrait UIInterfaceOrientationPortraitUpsideDown UIInterfaceOrientationLandscapeLeft UIInterfaceOrientationLandscapeRight";
				INFOPLIST_KEY_UISupportedInterfaceOrientations_iPhone = "UIInterfaceOrientationPortrait UIInterfaceOrientationLandscapeLeft UIInterfaceOrientationLandscapeRight";
				IPHONEOS_DEPLOYMENT_TARGET = 15.4;
				LD_RUNPATH_SEARCH_PATHS = (
					"$(inherited)",
					"@executable_path/Frameworks",
				);
				MARKETING_VERSION = 1.0;
				PRODUCT_BUNDLE_IDENTIFIER = au.edu.griffith.ict.prog.Checklist;
				PRODUCT_NAME = Checklist;
				SDKROOT = iphoneos;
				SWIFT_EMIT_LOC_STRINGS = YES;
				SWIFT_VERSION = 5.0;
				TARGETED_DEVICE_FAMILY = "1,2";
			};
			name = Debug;
		};
		CFEA2C962806ACDF00F3D89F /* Release */ = {
			isa = XCBuildConfiguration;
			buildSettings = {
				ASSETCATALOG_COMPILER_APPICON_NAME = AppIcon;
				ASSETCATALOG_COMPILER_GLOBAL_ACCENT_COLOR_NAME = AccentColor;
				CODE_SIGN_STYLE = Automatic;
				CURRENT_PROJECT_VERSION = 1;
				ENABLE_PREVIEWS = YES;
				GENERATE_INFOPLIST_FILE = YES;
				INFOPLIST_KEY_UIApplicationSceneManifest_Generation = YES;
				INFOPLIST_KEY_UIApplicationSupportsIndirectInputEvents = YES;
				INFOPLIST_KEY_UILaunchScreen_Generation = YES;
				INFOPLIST_KEY_UISupportedInterfaceOrientations_iPad = "UIInterfaceOrientationPortrait UIInterfaceOrientationPortraitUpsideDown UIInterfaceOrientationLandscapeLeft UIInterfaceOrientationLandscapeRight";
				INFOPLIST_KEY_UISupportedInterfaceOrientations_iPhone = "UIInterfaceOrientationPortrait UIInterfaceOrientationLandscapeLeft UIInterfaceOrientationLandscapeRight";
				IPHONEOS_DEPLOYMENT_TARGET = 15.4;
				LD_RUNPATH_SEARCH_PATHS = (
					"$(inherited)",
					"@executable_path/Frameworks",
				);
				MARKETING_VERSION = 1.0;
				PRODUCT_BUNDLE_IDENTIFIER = au.edu.griffith.ict.prog.Checklist;
				PRODUCT_NAME = Checklist;
				SDKROOT = iphoneos;
				SWIFT_EMIT_LOC_STRINGS = YES;
				SWIFT_VERSION = 5.0;
				TARGETED_DEVICE_FAMILY = "1,2";
				VALIDATE_PRODUCT = YES;
			};
			name = Release;
		};
		CFEA2C982806ACDF00F3D89F /* Debug */ = {
			isa = XCBuildConfiguration;
			buildSettings = {
				ASSETCATALOG_COMPILER_APPICON_NAME = AppIcon;
				ASSETCATALOG_COMPILER_GLOBAL_ACCENT_COLOR_NAME = AccentColor;
				CODE_SIGN_ENTITLEMENTS = macOS/macOS.entitlements;
				CODE_SIGN_STYLE = Automatic;
				COMBINE_HIDPI_IMAGES = YES;
				CURRENT_PROJECT_VERSION = 1;
				ENABLE_PREVIEWS = YES;
				GENERATE_INFOPLIST_FILE = YES;
				INFOPLIST_KEY_NSHumanReadableCopyright = "";
				LD_RUNPATH_SEARCH_PATHS = (
					"$(inherited)",
					"@executable_path/../Frameworks",
				);
				MACOSX_DEPLOYMENT_TARGET = 12.3;
				MARKETING_VERSION = 1.0;
				PRODUCT_BUNDLE_IDENTIFIER = au.edu.griffith.ict.prog.Checklist;
				PRODUCT_NAME = Checklist;
				SDKROOT = macosx;
				SWIFT_EMIT_LOC_STRINGS = YES;
				SWIFT_VERSION = 5.0;
			};
			name = Debug;
		};
		CFEA2C992806ACDF00F3D89F /* Release */ = {
			isa = XCBuildConfiguration;
			buildSettings = {
				ASSETCATALOG_COMPILER_APPICON_NAME = AppIcon;
				ASSETCATALOG_COMPILER_GLOBAL_ACCENT_COLOR_NAME = AccentColor;
				CODE_SIGN_ENTITLEMENTS = macOS/macOS.entitlements;
				CODE_SIGN_STYLE = Automatic;
				COMBINE_HIDPI_IMAGES = YES;
				CURRENT_PROJECT_VERSION = 1;
				ENABLE_PREVIEWS = YES;
				GENERATE_INFOPLIST_FILE = YES;
				INFOPLIST_KEY_NSHumanReadableCopyright = "";
				LD_RUNPATH_SEARCH_PATHS = (
					"$(inherited)",
					"@executable_path/../Frameworks",
				);
				MACOSX_DEPLOYMENT_TARGET = 12.3;
				MARKETING_VERSION = 1.0;
				PRODUCT_BUNDLE_IDENTIFIER = au.edu.griffith.ict.prog.Checklist;
				PRODUCT_NAME = Checklist;
				SDKROOT = macosx;
				SWIFT_EMIT_LOC_STRINGS = YES;
				SWIFT_VERSION = 5.0;
			};
			name = Release;
		};
		CFEA2C9B2806ACDF00F3D89F /* Debug */ = {
			isa = XCBuildConfiguration;
			buildSettings = {
				ALWAYS_EMBED_SWIFT_STANDARD_LIBRARIES = YES;
				CODE_SIGN_STYLE = Automatic;
				CURRENT_PROJECT_VERSION = 1;
				GENERATE_INFOPLIST_FILE = YES;
				IPHONEOS_DEPLOYMENT_TARGET = 15.4;
				MARKETING_VERSION = 1.0;
				PRODUCT_BUNDLE_IDENTIFIER = "au.edu.griffith.ict.prog.Tests-iOS";
				PRODUCT_NAME = "$(TARGET_NAME)";
				SDKROOT = iphoneos;
				SWIFT_EMIT_LOC_STRINGS = NO;
				SWIFT_VERSION = 5.0;
				TARGETED_DEVICE_FAMILY = "1,2";
				TEST_TARGET_NAME = "Checklist (iOS)";
			};
			name = Debug;
		};
		CFEA2C9C2806ACDF00F3D89F /* Release */ = {
			isa = XCBuildConfiguration;
			buildSettings = {
				ALWAYS_EMBED_SWIFT_STANDARD_LIBRARIES = YES;
				CODE_SIGN_STYLE = Automatic;
				CURRENT_PROJECT_VERSION = 1;
				GENERATE_INFOPLIST_FILE = YES;
				IPHONEOS_DEPLOYMENT_TARGET = 15.4;
				MARKETING_VERSION = 1.0;
				PRODUCT_BUNDLE_IDENTIFIER = "au.edu.griffith.ict.prog.Tests-iOS";
				PRODUCT_NAME = "$(TARGET_NAME)";
				SDKROOT = iphoneos;
				SWIFT_EMIT_LOC_STRINGS = NO;
				SWIFT_VERSION = 5.0;
				TARGETED_DEVICE_FAMILY = "1,2";
				TEST_TARGET_NAME = "Checklist (iOS)";
				VALIDATE_PRODUCT = YES;
			};
			name = Release;
		};
		CFEA2C9E2806ACDF00F3D89F /* Debug */ = {
			isa = XCBuildConfiguration;
			buildSettings = {
				ALWAYS_EMBED_SWIFT_STANDARD_LIBRARIES = YES;
				CODE_SIGN_STYLE = Automatic;
				CURRENT_PROJECT_VERSION = 1;
				GENERATE_INFOPLIST_FILE = YES;
				MACOSX_DEPLOYMENT_TARGET = 12.3;
				MARKETING_VERSION = 1.0;
				PRODUCT_BUNDLE_IDENTIFIER = "au.edu.griffith.ict.prog.Tests-macOS";
				PRODUCT_NAME = "$(TARGET_NAME)";
				SDKROOT = macosx;
				SWIFT_EMIT_LOC_STRINGS = NO;
				SWIFT_VERSION = 5.0;
				TEST_TARGET_NAME = "Checklist (macOS)";
			};
			name = Debug;
		};
		CFEA2C9F2806ACDF00F3D89F /* Release */ = {
			isa = XCBuildConfiguration;
			buildSettings = {
				ALWAYS_EMBED_SWIFT_STANDARD_LIBRARIES = YES;
				CODE_SIGN_STYLE = Automatic;
				CURRENT_PROJECT_VERSION = 1;
				GENERATE_INFOPLIST_FILE = YES;
				MACOSX_DEPLOYMENT_TARGET = 12.3;
				MARKETING_VERSION = 1.0;
				PRODUCT_BUNDLE_IDENTIFIER = "au.edu.griffith.ict.prog.Tests-macOS";
				PRODUCT_NAME = "$(TARGET_NAME)";
				SDKROOT = macosx;
				SWIFT_EMIT_LOC_STRINGS = NO;
				SWIFT_VERSION = 5.0;
				TEST_TARGET_NAME = "Checklist (macOS)";
			};
			name = Release;
		};
/* End XCBuildConfiguration section */

/* Begin XCConfigurationList section */
		CFEA2C622806ACDC00F3D89F /* Build configuration list for PBXProject "Checklist" */ = {
			isa = XCConfigurationList;
			buildConfigurations = (
				CFEA2C922806ACDF00F3D89F /* Debug */,
				CFEA2C932806ACDF00F3D89F /* Release */,
			);
			defaultConfigurationIsVisible = 0;
			defaultConfigurationName = Release;
		};
		CFEA2C942806ACDF00F3D89F /* Build configuration list for PBXNativeTarget "Checklist (iOS)" */ = {
			isa = XCConfigurationList;
			buildConfigurations = (
				CFEA2C952806ACDF00F3D89F /* Debug */,
				CFEA2C962806ACDF00F3D89F /* Release */,
			);
			defaultConfigurationIsVisible = 0;
			defaultConfigurationName = Release;
		};
		CFEA2C972806ACDF00F3D89F /* Build configuration list for PBXNativeTarget "Checklist (macOS)" */ = {
			isa = XCConfigurationList;
			buildConfigurations = (
				CFEA2C982806ACDF00F3D89F /* Debug */,
				CFEA2C992806ACDF00F3D89F /* Release */,
			);
			defaultConfigurationIsVisible = 0;
			defaultConfigurationName = Release;
		};
		CFEA2C9A2806ACDF00F3D89F /* Build configuration list for PBXNativeTarget "Tests iOS" */ = {
			isa = XCConfigurationList;
			buildConfigurations = (
				CFEA2C9B2806ACDF00F3D89F /* Debug */,
				CFEA2C9C2806ACDF00F3D89F /* Release */,
			);
			defaultConfigurationIsVisible = 0;
			defaultConfigurationName = Release;
		};
		CFEA2C9D2806ACDF00F3D89F /* Build configuration list for PBXNativeTarget "Tests macOS" */ = {
			isa = XCConfigurationList;
			buildConfigurations = (
				CFEA2C9E2806ACDF00F3D89F /* Debug */,
				CFEA2C9F2806ACDF00F3D89F /* Release */,
			);
			defaultConfigurationIsVisible = 0;
			defaultConfigurationName = Release;
		};
/* End XCConfigurationList section */
	};
	rootObject = CFEA2C5F2806ACDC00F3D89F /* Project object */;
}
